
Microsoft Visual Studio Solution File, Format Version 12.00
# Visual Studio Version 16
VisualStudioVersion = 16.0.29709.97
MinimumVisualStudioVersion = 10.0.40219.1
Project("{9A19103F-16F7-4668-BE54-9A1E7A4F7556}") = "gc", "gc\gc.csproj", "{5FC83439-8E39-4C00-AA45-1CBB5122BCDB}"
EndProject
Project("{9A19103F-16F7-4668-BE54-9A1E7A4F7556}") = "gr", "gr\gr.csproj", "{79A51B51-E7F3-4A6F-84D6-7168A6518204}"
EndProject
Project("{FAE04EC0-301F-11D3-BF4B-00C04F79EFBC}") = "gp", "gp\gp.csproj", "{1D0C7D23-3620-4DDD-AD39-C1EFFDDF1499}"
EndProject
Project("{FAE04EC0-301F-11D3-BF4B-00C04F79EFBC}") = "gpTests", "gpTests\gpTests.csproj", "{DA58E6D6-C43C-44AE-8ADC-74AB81E42AF3}"
EndProject
Global
	GlobalSection(SolutionConfigurationPlatforms) = preSolution
		Debug|Any CPU = Debug|Any CPU
		Release|Any CPU = Release|Any CPU
	EndGlobalSection
	GlobalSection(ProjectConfigurationPlatforms) = postSolution
		{5FC83439-8E39-4C00-AA45-1CBB5122BCDB}.Debug|Any CPU.ActiveCfg = Debug|Any CPU
		{5FC83439-8E39-4C00-AA45-1CBB5122BCDB}.Debug|Any CPU.Build.0 = Debug|Any CPU
		{5FC83439-8E39-4C00-AA45-1CBB5122BCDB}.Release|Any CPU.ActiveCfg = Release|Any CPU
		{5FC83439-8E39-4C00-AA45-1CBB5122BCDB}.Release|Any CPU.Build.0 = Release|Any CPU
		{79A51B51-E7F3-4A6F-84D6-7168A6518204}.Debug|Any CPU.ActiveCfg = Debug|Any CPU
		{79A51B51-E7F3-4A6F-84D6-7168A6518204}.Debug|Any CPU.Build.0 = Debug|Any CPU
		{79A51B51-E7F3-4A6F-84D6-7168A6518204}.Release|Any CPU.ActiveCfg = Release|Any CPU
		{79A51B51-E7F3-4A6F-84D6-7168A6518204}.Release|Any CPU.Build.0 = Release|Any CPU
		{1D0C7D23-3620-4DDD-AD39-C1EFFDDF1499}.Debug|Any CPU.ActiveCfg = Debug|Any CPU
		{1D0C7D23-3620-4DDD-AD39-C1EFFDDF1499}.Debug|Any CPU.Build.0 = Debug|Any CPU
		{1D0C7D23-3620-4DDD-AD39-C1EFFDDF1499}.Release|Any CPU.ActiveCfg = Release|Any CPU
		{1D0C7D23-3620-4DDD-AD39-C1EFFDDF1499}.Release|Any CPU.Build.0 = Release|Any CPU
		{DA58E6D6-C43C-44AE-8ADC-74AB81E42AF3}.Debug|Any CPU.ActiveCfg = Debug|Any CPU
		{DA58E6D6-C43C-44AE-8ADC-74AB81E42AF3}.Debug|Any CPU.Build.0 = Debug|Any CPU
		{DA58E6D6-C43C-44AE-8ADC-74AB81E42AF3}.Release|Any CPU.ActiveCfg = Release|Any CPU
		{DA58E6D6-C43C-44AE-8ADC-74AB81E42AF3}.Release|Any CPU.Build.0 = Release|Any CPU
	EndGlobalSection
	GlobalSection(SolutionProperties) = preSolution
		HideSolutionNode = FALSE
	EndGlobalSection
	GlobalSection(ExtensibilityGlobals) = postSolution
		SolutionGuid = {C7F65724-7EA7-44C4-93B1-C68963FB2470}
	EndGlobalSection
EndGlobal
